{
  "originHash" : "619a9f41de35fc9f16701380b9110b8d2d990d27681780a82776f9c24b9eab17",
  "pins" : [
    {
      "identity" : "ghostingkit",
      "kind" : "remoteSourceControl",
      "location" : "https://github.com/rryam/GhostingKit",
      "state" : {
        "branch" : "main",
        "revision" : "9c619a620bd509f7503969b9b9b74473bb9e88ec"
      }
    }
  ],
  "version" : 3
}
